// !$*UTF8*$!
{
	archiveVersion = 1;
	classes = {
	};
	objectVersion = 50;
	objects = {

/* Begin PBXBuildFile section */
		24615F7A251D3DE60036FBE7 /* CadastroViewController.swift in Sources */ = {isa = PBXBuildFile; fileRef = 24615F79251D3DE60036FBE7 /* CadastroViewController.swift */; };
		DD76575D2524E9BB005960CE /* LoginViewController.swift in Sources */ = {isa = PBXBuildFile; fileRef = DD76575C2524E9BB005960CE /* LoginViewController.swift */; };
		DD78566B25406F83004C5786 /* PasswordViewController.swift in Sources */ = {isa = PBXBuildFile; fileRef = DD78566A25406F83004C5786 /* PasswordViewController.swift */; };
		DD8C030A252B9BAB006B2362 /* String+Validation.swift in Sources */ = {isa = PBXBuildFile; fileRef = DD8C0309252B9BAB006B2362 /* String+Validation.swift */; };
		DDCE1579250BB1D500FE3C97 /* AppDelegate.swift in Sources */ = {isa = PBXBuildFile; fileRef = DDCE1578250BB1D500FE3C97 /* AppDelegate.swift */; };
		DDCE157B250BB1D500FE3C97 /* SceneDelegate.swift in Sources */ = {isa = PBXBuildFile; fileRef = DDCE157A250BB1D500FE3C97 /* SceneDelegate.swift */; };
		DDCE157D250BB1D500FE3C97 /* HomeViewController.swift in Sources */ = {isa = PBXBuildFile; fileRef = DDCE157C250BB1D500FE3C97 /* HomeViewController.swift */; };
		DDCE1580250BB1D500FE3C97 /* Main.storyboard in Resources */ = {isa = PBXBuildFile; fileRef = DDCE157E250BB1D500FE3C97 /* Main.storyboard */; };
		DDCE1582250BB1D700FE3C97 /* Assets.xcassets in Resources */ = {isa = PBXBuildFile; fileRef = DDCE1581250BB1D700FE3C97 /* Assets.xcassets */; };
		DDCE1585250BB1D700FE3C97 /* LaunchScreen.storyboard in Resources */ = {isa = PBXBuildFile; fileRef = DDCE1583250BB1D700FE3C97 /* LaunchScreen.storyboard */; };
		DDCE158D250BECA000FE3C97 /* ProximoAcessoViewController.swift in Sources */ = {isa = PBXBuildFile; fileRef = DDCE158C250BECA000FE3C97 /* ProximoAcessoViewController.swift */; };
/* End PBXBuildFile section */

/* Begin PBXFileReference section */
		24615F79251D3DE60036FBE7 /* CadastroViewController.swift */ = {isa = PBXFileReference; lastKnownFileType = sourcecode.swift; path = CadastroViewController.swift; sourceTree = "<group>"; };
		DD76575C2524E9BB005960CE /* LoginViewController.swift */ = {isa = PBXFileReference; lastKnownFileType = sourcecode.swift; path = LoginViewController.swift; sourceTree = "<group>"; };
		DD78566A25406F83004C5786 /* PasswordViewController.swift */ = {isa = PBXFileReference; lastKnownFileType = sourcecode.swift; path = PasswordViewController.swift; sourceTree = "<group>"; };
		DD8C0309252B9BAB006B2362 /* String+Validation.swift */ = {isa = PBXFileReference; lastKnownFileType = sourcecode.swift; path = "String+Validation.swift"; sourceTree = "<group>"; };
		DDCE1575250BB1D500FE3C97 /* dont-waste.app */ = {isa = PBXFileReference; explicitFileType = wrapper.application; includeInIndex = 0; path = "dont-waste.app"; sourceTree = BUILT_PRODUCTS_DIR; };
		DDCE1578250BB1D500FE3C97 /* AppDelegate.swift */ = {isa = PBXFileReference; lastKnownFileType = sourcecode.swift; path = AppDelegate.swift; sourceTree = "<group>"; };
		DDCE157A250BB1D500FE3C97 /* SceneDelegate.swift */ = {isa = PBXFileReference; lastKnownFileType = sourcecode.swift; path = SceneDelegate.swift; sourceTree = "<group>"; };
		DDCE157C250BB1D500FE3C97 /* HomeViewController.swift */ = {isa = PBXFileReference; lastKnownFileType = sourcecode.swift; path = HomeViewController.swift; sourceTree = "<group>"; };
		DDCE157F250BB1D500FE3C97 /* Base */ = {isa = PBXFileReference; lastKnownFileType = file.storyboard; name = Base; path = Base.lproj/Main.storyboard; sourceTree = "<group>"; };
		DDCE1581250BB1D700FE3C97 /* Assets.xcassets */ = {isa = PBXFileReference; lastKnownFileType = folder.assetcatalog; path = Assets.xcassets; sourceTree = "<group>"; };
		DDCE1584250BB1D700FE3C97 /* Base */ = {isa = PBXFileReference; lastKnownFileType = file.storyboard; name = Base; path = Base.lproj/LaunchScreen.storyboard; sourceTree = "<group>"; };
		DDCE1586250BB1D700FE3C97 /* Info.plist */ = {isa = PBXFileReference; lastKnownFileType = text.plist.xml; path = Info.plist; sourceTree = "<group>"; };
		DDCE158C250BECA000FE3C97 /* ProximoAcessoViewController.swift */ = {isa = PBXFileReference; lastKnownFileType = sourcecode.swift; path = ProximoAcessoViewController.swift; sourceTree = "<group>"; };
/* End PBXFileReference section */

/* Begin PBXFrameworksBuildPhase section */
		DDCE1572250BB1D500FE3C97 /* Frameworks */ = {
			isa = PBXFrameworksBuildPhase;
			buildActionMask = 2147483647;
			files = (
			);
			runOnlyForDeploymentPostprocessing = 0;
		};
/* End PBXFrameworksBuildPhase section */

/* Begin PBXGroup section */
		DD8C030F252BBAD5006B2362 /* Extensions */ = {
			isa = PBXGroup;
			children = (
				DD8C0309252B9BAB006B2362 /* String+Validation.swift */,
			);
			path = Extensions;
			sourceTree = "<group>";
		};
		DD8C0310252BBAF3006B2362 /* Views */ = {
			isa = PBXGroup;
			children = (
				DDCE157C250BB1D500FE3C97 /* HomeViewController.swift */,
				DDCE158C250BECA000FE3C97 /* ProximoAcessoViewController.swift */,
				24615F79251D3DE60036FBE7 /* CadastroViewController.swift */,
				DD76575C2524E9BB005960CE /* LoginViewController.swift */,
				DD78566A25406F83004C5786 /* PasswordViewController.swift */,
			);
			path = Views;
			sourceTree = "<group>";
		};
		DD8C0312252BBB7B006B2362 /* Models */ = {
			isa = PBXGroup;
			children = (
			);
			path = Models;
			sourceTree = "<group>";
		};
		DD8C0313252BBB87006B2362 /* Controllers */ = {
			isa = PBXGroup;
			children = (
			);
			path = Controllers;
			sourceTree = "<group>";
		};
		DDCE156C250BB1D500FE3C97 = {
			isa = PBXGroup;
			children = (
				DDCE1577250BB1D500FE3C97 /* dont-waste */,
				DDCE1576250BB1D500FE3C97 /* Products */,
			);
			sourceTree = "<group>";
		};
		DDCE1576250BB1D500FE3C97 /* Products */ = {
			isa = PBXGroup;
			children = (
				DDCE1575250BB1D500FE3C97 /* dont-waste.app */,
			);
			name = Products;
			sourceTree = "<group>";
		};
		DDCE1577250BB1D500FE3C97 /* dont-waste */ = {
			isa = PBXGroup;
			children = (
				DDCE1578250BB1D500FE3C97 /* AppDelegate.swift */,
				DDCE157A250BB1D500FE3C97 /* SceneDelegate.swift */,
				DD8C030F252BBAD5006B2362 /* Extensions */,
				DD8C0312252BBB7B006B2362 /* Models */,
				DD8C0310252BBAF3006B2362 /* Views */,
				DD8C0313252BBB87006B2362 /* Controllers */,
				DDCE157E250BB1D500FE3C97 /* Main.storyboard */,
				DDCE1581250BB1D700FE3C97 /* Assets.xcassets */,
				DDCE1583250BB1D700FE3C97 /* LaunchScreen.storyboard */,
				DDCE1586250BB1D700FE3C97 /* Info.plist */,
			);
			path = "dont-waste";
			sourceTree = "<group>";
		};
/* End PBXGroup section */

/* Begin PBXNativeTarget section */
		DDCE1574250BB1D500FE3C97 /* dont-waste */ = {
			isa = PBXNativeTarget;
			buildConfigurationList = DDCE1589250BB1D700FE3C97 /* Build configuration list for PBXNativeTarget "dont-waste" */;
			buildPhases = (
				DDCE1571250BB1D500FE3C97 /* Sources */,
				DDCE1572250BB1D500FE3C97 /* Frameworks */,
				DDCE1573250BB1D500FE3C97 /* Resources */,
			);
			buildRules = (
			);
			dependencies = (
			);
			name = "dont-waste";
			productName = "dont-waste";
			productReference = DDCE1575250BB1D500FE3C97 /* dont-waste.app */;
			productType = "com.apple.product-type.application";
		};
/* End PBXNativeTarget section */

/* Begin PBXProject section */
		DDCE156D250BB1D500FE3C97 /* Project object */ = {
			isa = PBXProject;
			attributes = {
				LastSwiftUpdateCheck = 1170;
				LastUpgradeCheck = 1170;
				ORGANIZATIONNAME = brq;
				TargetAttributes = {
					DDCE1574250BB1D500FE3C97 = {
						CreatedOnToolsVersion = 11.7;
					};
				};
			};
			buildConfigurationList = DDCE1570250BB1D500FE3C97 /* Build configuration list for PBXProject "dont-waste" */;
			compatibilityVersion = "Xcode 9.3";
			developmentRegion = en;
			hasScannedForEncodings = 0;
			knownRegions = (
				en,
				Base,
			);
			mainGroup = DDCE156C250BB1D500FE3C97;
			productRefGroup = DDCE1576250BB1D500FE3C97 /* Products */;
			projectDirPath = "";
			projectRoot = "";
			targets = (
				DDCE1574250BB1D500FE3C97 /* dont-waste */,
			);
		};
/* End PBXProject section */

/* Begin PBXResourcesBuildPhase section */
		DDCE1573250BB1D500FE3C97 /* Resources */ = {
			isa = PBXResourcesBuildPhase;
			buildActionMask = 2147483647;
			files = (
				DDCE1585250BB1D700FE3C97 /* LaunchScreen.storyboard in Resources */,
				DDCE1582250BB1D700FE3C97 /* Assets.xcassets in Resources */,
				DDCE1580250BB1D500FE3C97 /* Main.storyboard in Resources */,
			);
			runOnlyForDeploymentPostprocessing = 0;
		};
/* End PBXResourcesBuildPhase section */

/* Begin PBXSourcesBuildPhase section */
		DDCE1571250BB1D500FE3C97 /* Sources */ = {
			isa = PBXSourcesBuildPhase;
			buildActionMask = 2147483647;
			files = (
				DD76575D2524E9BB005960CE /* LoginViewController.swift in Sources */,
				DD78566B25406F83004C5786 /* PasswordViewController.swift in Sources */,
				DDCE157D250BB1D500FE3C97 /* HomeViewController.swift in Sources */,
				DDCE158D250BECA000FE3C97 /* ProximoAcessoViewController.swift in Sources */,
				DDCE1579250BB1D500FE3C97 /* AppDelegate.swift in Sources */,
				24615F7A251D3DE60036FBE7 /* CadastroViewController.swift in Sources */,
				DDCE157B250BB1D500FE3C97 /* SceneDelegate.swift in Sources */,
				DD8C030A252B9BAB006B2362 /* String+Validation.swift in Sources */,
			);
			runOnlyForDeploymentPostprocessing = 0;
		};
/* End PBXSourcesBuildPhase section */

/* Begin PBXVariantGroup section */
		DDCE157E250BB1D500FE3C97 /* Main.storyboard */ = {
			isa = PBXVariantGroup;
			children = (
				DDCE157F250BB1D500FE3C97 /* Base */,
			);
			name = Main.storyboard;
			sourceTree = "<group>";
		};
		DDCE1583250BB1D700FE3C97 /* LaunchScreen.storyboard */ = {
			isa = PBXVariantGroup;
			children = (
				DDCE1584250BB1D700FE3C97 /* Base */,
			);
			name = LaunchScreen.storyboard;
			sourceTree = "<group>";
		};
/* End PBXVariantGroup section */

/* Begin XCBuildConfiguration section */
		DDCE1587250BB1D700FE3C97 /* Debug */ = {
			isa = XCBuildConfiguration;
			buildSettings = {
				ALWAYS_SEARCH_USER_PATHS = NO;
				CLANG_ANALYZER_NONNULL = YES;
				CLANG_ANALYZER_NUMBER_OBJECT_CONVERSION = YES_AGGRESSIVE;
				CLANG_CXX_LANGUAGE_STANDARD = "gnu++14";
				CLANG_CXX_LIBRARY = "libc++";
				CLANG_ENABLE_MODULES = YES;
				CLANG_ENABLE_OBJC_ARC = YES;
				CLANG_ENABLE_OBJC_WEAK = YES;
				CLANG_WARN_BLOCK_CAPTURE_AUTORELEASING = YES;
				CLANG_WARN_BOOL_CONVERSION = YES;
				CLANG_WARN_COMMA = YES;
				CLANG_WARN_CONSTANT_CONVERSION = YES;
				CLANG_WARN_DEPRECATED_OBJC_IMPLEMENTATIONS = YES;
				CLANG_WARN_DIRECT_OBJC_ISA_USAGE = YES_ERROR;
				CLANG_WARN_DOCUMENTATION_COMMENTS = YES;
				CLANG_WARN_EMPTY_BODY = YES;
				CLANG_WARN_ENUM_CONVERSION = YES;
				CLANG_WARN_INFINITE_RECURSION = YES;
				CLANG_WARN_INT_CONVERSION = YES;
				CLANG_WARN_NON_LITERAL_NULL_CONVERSION = YES;
				CLANG_WARN_OBJC_IMPLICIT_RETAIN_SELF = YES;
				CLANG_WARN_OBJC_LITERAL_CONVERSION = YES;
				CLANG_WARN_OBJC_ROOT_CLASS = YES_ERROR;
				CLANG_WARN_RANGE_LOOP_ANALYSIS = YES;
				CLANG_WARN_STRICT_PROTOTYPES = YES;
				CLANG_WARN_SUSPICIOUS_MOVE = YES;
				CLANG_WARN_UNGUARDED_AVAILABILITY = YES_AGGRESSIVE;
				CLANG_WARN_UNREACHABLE_CODE = YES;
				CLANG_WARN__DUPLICATE_METHOD_MATCH = YES;
				COPY_PHASE_STRIP = NO;
				DEBUG_INFORMATION_FORMAT = dwarf;
				ENABLE_STRICT_OBJC_MSGSEND = YES;
				ENABLE_TESTABILITY = YES;
				GCC_C_LANGUAGE_STANDARD = gnu11;
				GCC_DYNAMIC_NO_PIC = NO;
				GCC_NO_COMMON_BLOCKS = YES;
				GCC_OPTIMIZATION_LEVEL = 0;
				GCC_PREPROCESSOR_DEFINITIONS = (
					"DEBUG=1",
					"$(inherited)",
				);
				GCC_WARN_64_TO_32_BIT_CONVERSION = YES;
				GCC_WARN_ABOUT_RETURN_TYPE = YES_ERROR;
				GCC_WARN_UNDECLARED_SELECTOR = YES;
				GCC_WARN_UNINITIALIZED_AUTOS = YES_AGGRESSIVE;
				GCC_WARN_UNUSED_FUNCTION = YES;
				GCC_WARN_UNUSED_VARIABLE = YES;
				IPHONEOS_DEPLOYMENT_TARGET = 13.7;
				MTL_ENABLE_DEBUG_INFO = INCLUDE_SOURCE;
				MTL_FAST_MATH = YES;
				ONLY_ACTIVE_ARCH = YES;
				SDKROOT = iphoneos;
				SWIFT_ACTIVE_COMPILATION_CONDITIONS = DEBUG;
				SWIFT_OPTIMIZATION_LEVEL = "-Onone";
			};
			name = Debug;
		};
		DDCE1588250BB1D700FE3C97 /* Release */ = {
			isa = XCBuildConfiguration;
			buildSettings = {
				ALWAYS_SEARCH_USER_PATHS = NO;
				CLANG_ANALYZER_NONNULL = YES;
				CLANG_ANALYZER_NUMBER_OBJECT_CONVERSION = YES_AGGRESSIVE;
				CLANG_CXX_LANGUAGE_STANDARD = "gnu++14";
				CLANG_CXX_LIBRARY = "libc++";
				CLANG_ENABLE_MODULES = YES;
				CLANG_ENABLE_OBJC_ARC = YES;
				CLANG_ENABLE_OBJC_WEAK = YES;
				CLANG_WARN_BLOCK_CAPTURE_AUTORELEASING = YES;
				CLANG_WARN_BOOL_CONVERSION = YES;
				CLANG_WARN_COMMA = YES;
				CLANG_WARN_CONSTANT_CONVERSION = YES;
				CLANG_WARN_DEPRECATED_OBJC_IMPLEMENTATIONS = YES;
				CLANG_WARN_DIRECT_OBJC_ISA_USAGE = YES_ERROR;
				CLANG_WARN_DOCUMENTATION_COMMENTS = YES;
				CLANG_WARN_EMPTY_BODY = YES;
				CLANG_WARN_ENUM_CONVERSION = YES;
				CLANG_WARN_INFINITE_RECURSION = YES;
				CLANG_WARN_INT_CONVERSION = YES;
				CLANG_WARN_NON_LITERAL_NULL_CONVERSION = YES;
				CLANG_WARN_OBJC_IMPLICIT_RETAIN_SELF = YES;
				CLANG_WARN_OBJC_LITERAL_CONVERSION = YES;
				CLANG_WARN_OBJC_ROOT_CLASS = YES_ERROR;
				CLANG_WARN_RANGE_LOOP_ANALYSIS = YES;
				CLANG_WARN_STRICT_PROTOTYPES = YES;
				CLANG_WARN_SUSPICIOUS_MOVE = YES;
				CLANG_WARN_UNGUARDED_AVAILABILITY = YES_AGGRESSIVE;
				CLANG_WARN_UNREACHABLE_CODE = YES;
				CLANG_WARN__DUPLICATE_METHOD_MATCH = YES;
				COPY_PHASE_STRIP = NO;
				DEBUG_INFORMATION_FORMAT = "dwarf-with-dsym";
				ENABLE_NS_ASSERTIONS = NO;
				ENABLE_STRICT_OBJC_MSGSEND = YES;
				GCC_C_LANGUAGE_STANDARD = gnu11;
				GCC_NO_COMMON_BLOCKS = YES;
				GCC_WARN_64_TO_32_BIT_CONVERSION = YES;
				GCC_WARN_ABOUT_RETURN_TYPE = YES_ERROR;
				GCC_WARN_UNDECLARED_SELECTOR = YES;
				GCC_WARN_UNINITIALIZED_AUTOS = YES_AGGRESSIVE;
				GCC_WARN_UNUSED_FUNCTION = YES;
				GCC_WARN_UNUSED_VARIABLE = YES;
				IPHONEOS_DEPLOYMENT_TARGET = 13.7;
				MTL_ENABLE_DEBUG_INFO = NO;
				MTL_FAST_MATH = YES;
				SDKROOT = iphoneos;
				SWIFT_COMPILATION_MODE = wholemodule;
				SWIFT_OPTIMIZATION_LEVEL = "-O";
				VALIDATE_PRODUCT = YES;
			};
			name = Release;
		};
		DDCE158A250BB1D700FE3C97 /* Debug */ = {
			isa = XCBuildConfiguration;
			buildSettings = {
				ASSETCATALOG_COMPILER_APPICON_NAME = AppIcon;
				CODE_SIGN_STYLE = Automatic;
				INFOPLIST_FILE = "dont-waste/Info.plist";
				LD_RUNPATH_SEARCH_PATHS = (
					"$(inherited)",
					"@executable_path/Frameworks",
				);
				PRODUCT_BUNDLE_IDENTIFIER = "brq.dont-waste";
				PRODUCT_NAME = "$(TARGET_NAME)";
				SWIFT_VERSION = 5.0;
				TARGETED_DEVICE_FAMILY = "1,2";
			};
			name = Debug;
		};
		DDCE158B250BB1D700FE3C97 /* Release */ = {
			isa = XCBuildConfiguration;
			buildSettings = {
				ASSETCATALOG_COMPILER_APPICON_NAME = AppIcon;
				CODE_SIGN_STYLE = Automatic;
				INFOPLIST_FILE = "dont-waste/Info.plist";
				LD_RUNPATH_SEARCH_PATHS = (
					"$(inherited)",
					"@executable_path/Frameworks",
				);
				PRODUCT_BUNDLE_IDENTIFIER = "brq.dont-waste";
				PRODUCT_NAME = "$(TARGET_NAME)";
				SWIFT_VERSION = 5.0;
				TARGETED_DEVICE_FAMILY = "1,2";
			};
			name = Release;
		};
/* End XCBuildConfiguration section */

/* Begin XCConfigurationList section */
		DDCE1570250BB1D500FE3C97 /* Build configuration list for PBXProject "dont-waste" */ = {
			isa = XCConfigurationList;
			buildConfigurations = (
				DDCE1587250BB1D700FE3C97 /* Debug */,
				DDCE1588250BB1D700FE3C97 /* Release */,
			);
			defaultConfigurationIsVisible = 0;
			defaultConfigurationName = Release;
		};
		DDCE1589250BB1D700FE3C97 /* Build configuration list for PBXNativeTarget "dont-waste" */ = {
			isa = XCConfigurationList;
			buildConfigurations = (
				DDCE158A250BB1D700FE3C97 /* Debug */,
				DDCE158B250BB1D700FE3C97 /* Release */,
			);
			defaultConfigurationIsVisible = 0;
			defaultConfigurationName = Release;
		};
/* End XCConfigurationList section */
	};
	rootObject = DDCE156D250BB1D500FE3C97 /* Project object */;
}
